
Microsoft Visual Studio Solution File, Format Version 12.00
# Visual Studio Version 17
VisualStudioVersion = 17.13.35919.96 d17.13
MinimumVisualStudioVersion = 10.0.40219.1
Project("{FAE04EC0-301F-11D3-BF4B-00C04F79EFBC}") = "File-IO", "File-IO.csproj", "{347D7A6F-944D-4B45-9790-EDD84566FE1B}"
EndProject
Global
	GlobalSection(SolutionConfigurationPlatforms) = preSolution
		Debug|Any CPU = Debug|Any CPU
		Release|Any CPU = Release|Any CPU
	EndGlobalSection
	GlobalSection(ProjectConfigurationPlatforms) = postSolution
		{347D7A6F-944D-4B45-9790-EDD84566FE1B}.Debug|Any CPU.ActiveCfg = Debug|Any CPU
		{347D7A6F-944D-4B45-9790-EDD84566FE1B}.Debug|Any CPU.Build.0 = Debug|Any CPU
		{347D7A6F-944D-4B45-9790-EDD84566FE1B}.Release|Any CPU.ActiveCfg = Release|Any CPU
		{347D7A6F-944D-4B45-9790-EDD84566FE1B}.Release|Any CPU.Build.0 = Release|Any CPU
	EndGlobalSection
	GlobalSection(SolutionProperties) = preSolution
		HideSolutionNode = FALSE
	EndGlobalSection
	GlobalSection(ExtensibilityGlobals) = postSolution
		SolutionGuid = {988FAE19-2C2C-4AED-9FCA-4754033BCFE4}
	EndGlobalSection
EndGlobal
