
Microsoft Visual Studio Solution File, Format Version 12.00
# Visual Studio Version 17
VisualStudioVersion = 17.13.35919.96 d17.13
MinimumVisualStudioVersion = 10.0.40219.1
Project("{FAE04EC0-301F-11D3-BF4B-00C04F79EFBC}") = "Using-Generics", "Using-Generics.csproj", "{73CA5280-BE2A-41DA-BBD0-7C089EBF0873}"
EndProject
Global
	GlobalSection(SolutionConfigurationPlatforms) = preSolution
		Debug|Any CPU = Debug|Any CPU
		Release|Any CPU = Release|Any CPU
	EndGlobalSection
	GlobalSection(ProjectConfigurationPlatforms) = postSolution
		{73CA5280-BE2A-41DA-BBD0-7C089EBF0873}.Debug|Any CPU.ActiveCfg = Debug|Any CPU
		{73CA5280-BE2A-41DA-BBD0-7C089EBF0873}.Debug|Any CPU.Build.0 = Debug|Any CPU
		{73CA5280-BE2A-41DA-BBD0-7C089EBF0873}.Release|Any CPU.ActiveCfg = Release|Any CPU
		{73CA5280-BE2A-41DA-BBD0-7C089EBF0873}.Release|Any CPU.Build.0 = Release|Any CPU
	EndGlobalSection
	GlobalSection(SolutionProperties) = preSolution
		HideSolutionNode = FALSE
	EndGlobalSection
	GlobalSection(ExtensibilityGlobals) = postSolution
		SolutionGuid = {66DDC57C-C57C-43D6-9DB6-043600F59CD1}
	EndGlobalSection
EndGlobal
