
Microsoft Visual Studio Solution File, Format Version 12.00
# Visual Studio Version 17
VisualStudioVersion = 17.13.35919.96 d17.13
MinimumVisualStudioVersion = 10.0.40219.1
Project("{FAE04EC0-301F-11D3-BF4B-00C04F79EFBC}") = "Delegates", "Delegates.csproj", "{0DCE0995-BB89-488D-994C-43EF16331C60}"
EndProject
Global
	GlobalSection(SolutionConfigurationPlatforms) = preSolution
		Debug|Any CPU = Debug|Any CPU
		Release|Any CPU = Release|Any CPU
	EndGlobalSection
	GlobalSection(ProjectConfigurationPlatforms) = postSolution
		{0DCE0995-BB89-488D-994C-43EF16331C60}.Debug|Any CPU.ActiveCfg = Debug|Any CPU
		{0DCE0995-BB89-488D-994C-43EF16331C60}.Debug|Any CPU.Build.0 = Debug|Any CPU
		{0DCE0995-BB89-488D-994C-43EF16331C60}.Release|Any CPU.ActiveCfg = Release|Any CPU
		{0DCE0995-BB89-488D-994C-43EF16331C60}.Release|Any CPU.Build.0 = Release|Any CPU
	EndGlobalSection
	GlobalSection(SolutionProperties) = preSolution
		HideSolutionNode = FALSE
	EndGlobalSection
	GlobalSection(ExtensibilityGlobals) = postSolution
		SolutionGuid = {5F4AB893-B51D-42A7-B0D5-9FBEEE6D8153}
	EndGlobalSection
EndGlobal
