
Microsoft Visual Studio Solution File, Format Version 12.00
# Visual Studio Version 17
VisualStudioVersion = 17.13.35919.96 d17.13
MinimumVisualStudioVersion = 10.0.40219.1
Project("{FAE04EC0-301F-11D3-BF4B-00C04F79EFBC}") = "Interfaces", "Interfaces.csproj", "{0A7172C8-48B3-4061-939F-737430EB93E3}"
EndProject
Global
	GlobalSection(SolutionConfigurationPlatforms) = preSolution
		Debug|Any CPU = Debug|Any CPU
		Release|Any CPU = Release|Any CPU
	EndGlobalSection
	GlobalSection(ProjectConfigurationPlatforms) = postSolution
		{0A7172C8-48B3-4061-939F-737430EB93E3}.Debug|Any CPU.ActiveCfg = Debug|Any CPU
		{0A7172C8-48B3-4061-939F-737430EB93E3}.Debug|Any CPU.Build.0 = Debug|Any CPU
		{0A7172C8-48B3-4061-939F-737430EB93E3}.Release|Any CPU.ActiveCfg = Release|Any CPU
		{0A7172C8-48B3-4061-939F-737430EB93E3}.Release|Any CPU.Build.0 = Release|Any CPU
	EndGlobalSection
	GlobalSection(SolutionProperties) = preSolution
		HideSolutionNode = FALSE
	EndGlobalSection
	GlobalSection(ExtensibilityGlobals) = postSolution
		SolutionGuid = {3987ACDE-D062-4EAB-AF55-E67674FD468B}
	EndGlobalSection
EndGlobal
